
Microsoft Visual Studio Solution File, Format Version 12.00
# Visual Studio Version 17
VisualStudioVersion = 17.13.35931.197 d17.13
MinimumVisualStudioVersion = 10.0.40219.1
Project("{FAE04EC0-301F-11D3-BF4B-00C04F79EFBC}") = "Sistemade_de_hsitorial_de_gastos", "Sistemade_de_hsitorial_de_gastos\Sistemade_de_hsitorial_de_gastos.csproj", "{75CE2E10-FC47-41FE-B1C9-7EEBCD0F035E}"
EndProject
Global
	GlobalSection(SolutionConfigurationPlatforms) = preSolution
		Debug|Any CPU = Debug|Any CPU
		Release|Any CPU = Release|Any CPU
	EndGlobalSection
	GlobalSection(ProjectConfigurationPlatforms) = postSolution
		{75CE2E10-FC47-41FE-B1C9-7EEBCD0F035E}.Debug|Any CPU.ActiveCfg = Debug|Any CPU
		{75CE2E10-FC47-41FE-B1C9-7EEBCD0F035E}.Debug|Any CPU.Build.0 = Debug|Any CPU
		{75CE2E10-FC47-41FE-B1C9-7EEBCD0F035E}.Release|Any CPU.ActiveCfg = Release|Any CPU
		{75CE2E10-FC47-41FE-B1C9-7EEBCD0F035E}.Release|Any CPU.Build.0 = Release|Any CPU
	EndGlobalSection
	GlobalSection(SolutionProperties) = preSolution
		HideSolutionNode = FALSE
	EndGlobalSection
	GlobalSection(ExtensibilityGlobals) = postSolution
		SolutionGuid = {0747CA70-7AAC-48DF-943C-30C9CC6746D0}
	EndGlobalSection
EndGlobal
